// !$*UTF8*$!
{
	archiveVersion = 1;
	classes = {
	};
	objectVersion = 46;
	objects = {

/* Begin PBXBuildFile section */
		2225DB051947566500A3FBAD /* peripheral.png in Resources */ = {isa = PBXBuildFile; fileRef = 2225DB041947566500A3FBAD /* peripheral.png */; };
		22720B58192C02400011097F /* Foundation.framework in Frameworks */ = {isa = PBXBuildFile; fileRef = 22720B57192C02400011097F /* Foundation.framework */; };
		22720B5A192C02410011097F /* CoreGraphics.framework in Frameworks */ = {isa = PBXBuildFile; fileRef = 22720B59192C02410011097F /* CoreGraphics.framework */; };
		22720B5C192C02410011097F /* UIKit.framework in Frameworks */ = {isa = PBXBuildFile; fileRef = 22720B5B192C02410011097F /* UIKit.framework */; };
		22720B62192C02410011097F /* InfoPlist.strings in Resources */ = {isa = PBXBuildFile; fileRef = 22720B60192C02410011097F /* InfoPlist.strings */; };
		22720B64192C02410011097F /* main.m in Sources */ = {isa = PBXBuildFile; fileRef = 22720B63192C02410011097F /* main.m */; };
		22720B68192C02410011097F /* AppDelegate.m in Sources */ = {isa = PBXBuildFile; fileRef = 22720B67192C02410011097F /* AppDelegate.m */; };
		22720B6B192C02410011097F /* Main_iPhone.storyboard in Resources */ = {isa = PBXBuildFile; fileRef = 22720B69192C02410011097F /* Main_iPhone.storyboard */; };
		22720B6E192C02410011097F /* Main_iPad.storyboard in Resources */ = {isa = PBXBuildFile; fileRef = 22720B6C192C02410011097F /* Main_iPad.storyboard */; };
		22720B71192C02410011097F /* ViewController.m in Sources */ = {isa = PBXBuildFile; fileRef = 22720B70192C02410011097F /* ViewController.m */; };
		22720B73192C02410011097F /* Images.xcassets in Resources */ = {isa = PBXBuildFile; fileRef = 22720B72192C02410011097F /* Images.xcassets */; };
		22720B7A192C02410011097F /* XCTest.framework in Frameworks */ = {isa = PBXBuildFile; fileRef = 22720B79192C02410011097F /* XCTest.framework */; };
		22720B7B192C02410011097F /* Foundation.framework in Frameworks */ = {isa = PBXBuildFile; fileRef = 22720B57192C02400011097F /* Foundation.framework */; };
		22720B7C192C02410011097F /* UIKit.framework in Frameworks */ = {isa = PBXBuildFile; fileRef = 22720B5B192C02410011097F /* UIKit.framework */; };
		22720B84192C02410011097F /* InfoPlist.strings in Resources */ = {isa = PBXBuildFile; fileRef = 22720B82192C02410011097F /* InfoPlist.strings */; };
		22720B86192C02410011097F /* BluetoothPeripheralTests.m in Sources */ = {isa = PBXBuildFile; fileRef = 22720B85192C02410011097F /* BluetoothPeripheralTests.m */; };
		22720B90192C02600011097F /* CoreBluetooth.framework in Frameworks */ = {isa = PBXBuildFile; fileRef = 22720B8F192C02600011097F /* CoreBluetooth.framework */; };
/* End PBXBuildFile section */

/* Begin PBXContainerItemProxy section */
		22720B7D192C02410011097F /* PBXContainerItemProxy */ = {
			isa = PBXContainerItemProxy;
			containerPortal = 22720B4C192C02400011097F /* Project object */;
			proxyType = 1;
			remoteGlobalIDString = 22720B53192C02400011097F;
			remoteInfo = BluetoothPeripheral;
		};
/* End PBXContainerItemProxy section */

/* Begin PBXFileReference section */
		2225DB041947566500A3FBAD /* peripheral.png */ = {isa = PBXFileReference; lastKnownFileType = image.png; name = peripheral.png; path = ../peripheral.png; sourceTree = "<group>"; };
		22720B54192C02400011097F /* BluetoothPeripheral.app */ = {isa = PBXFileReference; explicitFileType = wrapper.application; includeInIndex = 0; path = BluetoothPeripheral.app; sourceTree = BUILT_PRODUCTS_DIR; };
		22720B57192C02400011097F /* Foundation.framework */ = {isa = PBXFileReference; lastKnownFileType = wrapper.framework; name = Foundation.framework; path = System/Library/Frameworks/Foundation.framework; sourceTree = SDKROOT; };
		22720B59192C02410011097F /* CoreGraphics.framework */ = {isa = PBXFileReference; lastKnownFileType = wrapper.framework; name = CoreGraphics.framework; path = System/Library/Frameworks/CoreGraphics.framework; sourceTree = SDKROOT; };
		22720B5B192C02410011097F /* UIKit.framework */ = {isa = PBXFileReference; lastKnownFileType = wrapper.framework; name = UIKit.framework; path = System/Library/Frameworks/UIKit.framework; sourceTree = SDKROOT; };
		22720B5F192C02410011097F /* BluetoothPeripheral-Info.plist */ = {isa = PBXFileReference; lastKnownFileType = text.plist.xml; path = "BluetoothPeripheral-Info.plist"; sourceTree = "<group>"; };
		22720B61192C02410011097F /* en */ = {isa = PBXFileReference; lastKnownFileType = text.plist.strings; name = en; path = en.lproj/InfoPlist.strings; sourceTree = "<group>"; };
		22720B63192C02410011097F /* main.m */ = {isa = PBXFileReference; lastKnownFileType = sourcecode.c.objc; path = main.m; sourceTree = "<group>"; };
		22720B65192C02410011097F /* BluetoothPeripheral-Prefix.pch */ = {isa = PBXFileReference; lastKnownFileType = sourcecode.c.h; path = "BluetoothPeripheral-Prefix.pch"; sourceTree = "<group>"; };
		22720B66192C02410011097F /* AppDelegate.h */ = {isa = PBXFileReference; lastKnownFileType = sourcecode.c.h; path = AppDelegate.h; sourceTree = "<group>"; };
		22720B67192C02410011097F /* AppDelegate.m */ = {isa = PBXFileReference; lastKnownFileType = sourcecode.c.objc; path = AppDelegate.m; sourceTree = "<group>"; };
		22720B6A192C02410011097F /* Base */ = {isa = PBXFileReference; lastKnownFileType = file.storyboard; name = Base; path = Base.lproj/Main_iPhone.storyboard; sourceTree = "<group>"; };
		22720B6D192C02410011097F /* Base */ = {isa = PBXFileReference; lastKnownFileType = file.storyboard; name = Base; path = Base.lproj/Main_iPad.storyboard; sourceTree = "<group>"; };
		22720B6F192C02410011097F /* ViewController.h */ = {isa = PBXFileReference; lastKnownFileType = sourcecode.c.h; path = ViewController.h; sourceTree = "<group>"; };
		22720B70192C02410011097F /* ViewController.m */ = {isa = PBXFileReference; lastKnownFileType = sourcecode.c.objc; path = ViewController.m; sourceTree = "<group>"; };
		22720B72192C02410011097F /* Images.xcassets */ = {isa = PBXFileReference; lastKnownFileType = folder.assetcatalog; path = Images.xcassets; sourceTree = "<group>"; };
		22720B78192C02410011097F /* BluetoothPeripheralTests.xctest */ = {isa = PBXFileReference; explicitFileType = wrapper.cfbundle; includeInIndex = 0; path = BluetoothPeripheralTests.xctest; sourceTree = BUILT_PRODUCTS_DIR; };
		22720B79192C02410011097F /* XCTest.framework */ = {isa = PBXFileReference; lastKnownFileType = wrapper.framework; name = XCTest.framework; path = Library/Frameworks/XCTest.framework; sourceTree = DEVELOPER_DIR; };
		22720B81192C02410011097F /* BluetoothPeripheralTests-Info.plist */ = {isa = PBXFileReference; lastKnownFileType = text.plist.xml; path = "BluetoothPeripheralTests-Info.plist"; sourceTree = "<group>"; };
		22720B83192C02410011097F /* en */ = {isa = PBXFileReference; lastKnownFileType = text.plist.strings; name = en; path = en.lproj/InfoPlist.strings; sourceTree = "<group>"; };
		22720B85192C02410011097F /* BluetoothPeripheralTests.m */ = {isa = PBXFileReference; lastKnownFileType = sourcecode.c.objc; path = BluetoothPeripheralTests.m; sourceTree = "<group>"; };
		22720B8F192C02600011097F /* CoreBluetooth.framework */ = {isa = PBXFileReference; lastKnownFileType = wrapper.framework; name = CoreBluetooth.framework; path = System/Library/Frameworks/CoreBluetooth.framework; sourceTree = SDKROOT; };
/* End PBXFileReference section */

/* Begin PBXFrameworksBuildPhase section */
		22720B51192C02400011097F /* Frameworks */ = {
			isa = PBXFrameworksBuildPhase;
			buildActionMask = 2147483647;
			files = (
				22720B90192C02600011097F /* CoreBluetooth.framework in Frameworks */,
				22720B5A192C02410011097F /* CoreGraphics.framework in Frameworks */,
				22720B5C192C02410011097F /* UIKit.framework in Frameworks */,
				22720B58192C02400011097F /* Foundation.framework in Frameworks */,
			);
			runOnlyForDeploymentPostprocessing = 0;
		};
		22720B75192C02410011097F /* Frameworks */ = {
			isa = PBXFrameworksBuildPhase;
			buildActionMask = 2147483647;
			files = (
				22720B7A192C02410011097F /* XCTest.framework in Frameworks */,
				22720B7C192C02410011097F /* UIKit.framework in Frameworks */,
				22720B7B192C02410011097F /* Foundation.framework in Frameworks */,
			);
			runOnlyForDeploymentPostprocessing = 0;
		};
/* End PBXFrameworksBuildPhase section */

/* Begin PBXGroup section */
		22720B4B192C02400011097F = {
			isa = PBXGroup;
			children = (
				22720B5D192C02410011097F /* BluetoothPeripheral */,
				22720B7F192C02410011097F /* BluetoothPeripheralTests */,
				22720B56192C02400011097F /* Frameworks */,
				22720B55192C02400011097F /* Products */,
			);
			sourceTree = "<group>";
		};
		22720B55192C02400011097F /* Products */ = {
			isa = PBXGroup;
			children = (
				22720B54192C02400011097F /* BluetoothPeripheral.app */,
				22720B78192C02410011097F /* BluetoothPeripheralTests.xctest */,
			);
			name = Products;
			sourceTree = "<group>";
		};
		22720B56192C02400011097F /* Frameworks */ = {
			isa = PBXGroup;
			children = (
				22720B8F192C02600011097F /* CoreBluetooth.framework */,
				22720B57192C02400011097F /* Foundation.framework */,
				22720B59192C02410011097F /* CoreGraphics.framework */,
				22720B5B192C02410011097F /* UIKit.framework */,
				22720B79192C02410011097F /* XCTest.framework */,
			);
			name = Frameworks;
			sourceTree = "<group>";
		};
		22720B5D192C02410011097F /* BluetoothPeripheral */ = {
			isa = PBXGroup;
			children = (
				2225DB041947566500A3FBAD /* peripheral.png */,
				22720B66192C02410011097F /* AppDelegate.h */,
				22720B67192C02410011097F /* AppDelegate.m */,
				22720B69192C02410011097F /* Main_iPhone.storyboard */,
				22720B6C192C02410011097F /* Main_iPad.storyboard */,
				22720B6F192C02410011097F /* ViewController.h */,
				22720B70192C02410011097F /* ViewController.m */,
				22720B72192C02410011097F /* Images.xcassets */,
				22720B5E192C02410011097F /* Supporting Files */,
			);
			path = BluetoothPeripheral;
			sourceTree = "<group>";
		};
		22720B5E192C02410011097F /* Supporting Files */ = {
			isa = PBXGroup;
			children = (
				22720B5F192C02410011097F /* BluetoothPeripheral-Info.plist */,
				22720B60192C02410011097F /* InfoPlist.strings */,
				22720B63192C02410011097F /* main.m */,
				22720B65192C02410011097F /* BluetoothPeripheral-Prefix.pch */,
			);
			name = "Supporting Files";
			sourceTree = "<group>";
		};
		22720B7F192C02410011097F /* BluetoothPeripheralTests */ = {
			isa = PBXGroup;
			children = (
				22720B85192C02410011097F /* BluetoothPeripheralTests.m */,
				22720B80192C02410011097F /* Supporting Files */,
			);
			path = BluetoothPeripheralTests;
			sourceTree = "<group>";
		};
		22720B80192C02410011097F /* Supporting Files */ = {
			isa = PBXGroup;
			children = (
				22720B81192C02410011097F /* BluetoothPeripheralTests-Info.plist */,
				22720B82192C02410011097F /* InfoPlist.strings */,
			);
			name = "Supporting Files";
			sourceTree = "<group>";
		};
/* End PBXGroup section */

/* Begin PBXNativeTarget section */
		22720B53192C02400011097F /* BluetoothPeripheral */ = {
			isa = PBXNativeTarget;
			buildConfigurationList = 22720B89192C02410011097F /* Build configuration list for PBXNativeTarget "BluetoothPeripheral" */;
			buildPhases = (
				22720B50192C02400011097F /* Sources */,
				22720B51192C02400011097F /* Frameworks */,
				22720B52192C02400011097F /* Resources */,
			);
			buildRules = (
			);
			dependencies = (
			);
			name = BluetoothPeripheral;
			productName = BluetoothPeripheral;
			productReference = 22720B54192C02400011097F /* BluetoothPeripheral.app */;
			productType = "com.apple.product-type.application";
		};
		22720B77192C02410011097F /* BluetoothPeripheralTests */ = {
			isa = PBXNativeTarget;
			buildConfigurationList = 22720B8C192C02410011097F /* Build configuration list for PBXNativeTarget "BluetoothPeripheralTests" */;
			buildPhases = (
				22720B74192C02410011097F /* Sources */,
				22720B75192C02410011097F /* Frameworks */,
				22720B76192C02410011097F /* Resources */,
			);
			buildRules = (
			);
			dependencies = (
				22720B7E192C02410011097F /* PBXTargetDependency */,
			);
			name = BluetoothPeripheralTests;
			productName = BluetoothPeripheralTests;
			productReference = 22720B78192C02410011097F /* BluetoothPeripheralTests.xctest */;
			productType = "com.apple.product-type.bundle.unit-test";
		};
/* End PBXNativeTarget section */

/* Begin PBXProject section */
		22720B4C192C02400011097F /* Project object */ = {
			isa = PBXProject;
			attributes = {
				LastUpgradeCheck = 0510;
				ORGANIZATIONNAME = "___FULLUSERNAME___";
				TargetAttributes = {
					22720B77192C02410011097F = {
						TestTargetID = 22720B53192C02400011097F;
					};
				};
			};
			buildConfigurationList = 22720B4F192C02400011097F /* Build configuration list for PBXProject "BluetoothPeripheral" */;
			compatibilityVersion = "Xcode 3.2";
			developmentRegion = English;
			hasScannedForEncodings = 0;
			knownRegions = (
				en,
				Base,
			);
			mainGroup = 22720B4B192C02400011097F;
			productRefGroup = 22720B55192C02400011097F /* Products */;
			projectDirPath = "";
			projectRoot = "";
			targets = (
				22720B53192C02400011097F /* BluetoothPeripheral */,
				22720B77192C02410011097F /* BluetoothPeripheralTests */,
			);
		};
/* End PBXProject section */

/* Begin PBXResourcesBuildPhase section */
		22720B52192C02400011097F /* Resources */ = {
			isa = PBXResourcesBuildPhase;
			buildActionMask = 2147483647;
			files = (
				22720B6E192C02410011097F /* Main_iPad.storyboard in Resources */,
				2225DB051947566500A3FBAD /* peripheral.png in Resources */,
				22720B73192C02410011097F /* Images.xcassets in Resources */,
				22720B6B192C02410011097F /* Main_iPhone.storyboard in Resources */,
				22720B62192C02410011097F /* InfoPlist.strings in Resources */,
			);
			runOnlyForDeploymentPostprocessing = 0;
		};
		22720B76192C02410011097F /* Resources */ = {
			isa = PBXResourcesBuildPhase;
			buildActionMask = 2147483647;
			files = (
				22720B84192C02410011097F /* InfoPlist.strings in Resources */,
			);
			runOnlyForDeploymentPostprocessing = 0;
		};
/* End PBXResourcesBuildPhase section */

/* Begin PBXSourcesBuildPhase section */
		22720B50192C02400011097F /* Sources */ = {
			isa = PBXSourcesBuildPhase;
			buildActionMask = 2147483647;
			files = (
				22720B71192C02410011097F /* ViewController.m in Sources */,
				22720B68192C02410011097F /* AppDelegate.m in Sources */,
				22720B64192C02410011097F /* main.m in Sources */,
			);
			runOnlyForDeploymentPostprocessing = 0;
		};
		22720B74192C02410011097F /* Sources */ = {
			isa = PBXSourcesBuildPhase;
			buildActionMask = 2147483647;
			files = (
				22720B86192C02410011097F /* BluetoothPeripheralTests.m in Sources */,
			);
			runOnlyForDeploymentPostprocessing = 0;
		};
/* End PBXSourcesBuildPhase section */

/* Begin PBXTargetDependency section */
		22720B7E192C02410011097F /* PBXTargetDependency */ = {
			isa = PBXTargetDependency;
			target = 22720B53192C02400011097F /* BluetoothPeripheral */;
			targetProxy = 22720B7D192C02410011097F /* PBXContainerItemProxy */;
		};
/* End PBXTargetDependency section */

/* Begin PBXVariantGroup section */
		22720B60192C02410011097F /* InfoPlist.strings */ = {
			isa = PBXVariantGroup;
			children = (
				22720B61192C02410011097F /* en */,
			);
			name = InfoPlist.strings;
			sourceTree = "<group>";
		};
		22720B69192C02410011097F /* Main_iPhone.storyboard */ = {
			isa = PBXVariantGroup;
			children = (
				22720B6A192C02410011097F /* Base */,
			);
			name = Main_iPhone.storyboard;
			sourceTree = "<group>";
		};
		22720B6C192C02410011097F /* Main_iPad.storyboard */ = {
			isa = PBXVariantGroup;
			children = (
				22720B6D192C02410011097F /* Base */,
			);
			name = Main_iPad.storyboard;
			sourceTree = "<group>";
		};
		22720B82192C02410011097F /* InfoPlist.strings */ = {
			isa = PBXVariantGroup;
			children = (
				22720B83192C02410011097F /* en */,
			);
			name = InfoPlist.strings;
			sourceTree = "<group>";
		};
/* End PBXVariantGroup section */

/* Begin XCBuildConfiguration section */
		22720B87192C02410011097F /* Debug */ = {
			isa = XCBuildConfiguration;
			buildSettings = {
				ALWAYS_SEARCH_USER_PATHS = NO;
				CLANG_CXX_LANGUAGE_STANDARD = "gnu++0x";
				CLANG_CXX_LIBRARY = "libc++";
				CLANG_ENABLE_MODULES = YES;
				CLANG_ENABLE_OBJC_ARC = YES;
				CLANG_WARN_BOOL_CONVERSION = YES;
				CLANG_WARN_CONSTANT_CONVERSION = YES;
				CLANG_WARN_DIRECT_OBJC_ISA_USAGE = YES_ERROR;
				CLANG_WARN_EMPTY_BODY = YES;
				CLANG_WARN_ENUM_CONVERSION = YES;
				CLANG_WARN_INT_CONVERSION = YES;
				CLANG_WARN_OBJC_ROOT_CLASS = YES_ERROR;
				CLANG_WARN__DUPLICATE_METHOD_MATCH = YES;
				"CODE_SIGN_IDENTITY[sdk=iphoneos*]" = "iPhone Developer";
				COPY_PHASE_STRIP = NO;
				GCC_C_LANGUAGE_STANDARD = gnu99;
				GCC_DYNAMIC_NO_PIC = NO;
				GCC_OPTIMIZATION_LEVEL = 0;
				GCC_PREPROCESSOR_DEFINITIONS = (
					"DEBUG=1",
					"$(inherited)",
				);
				GCC_SYMBOLS_PRIVATE_EXTERN = NO;
				GCC_WARN_64_TO_32_BIT_CONVERSION = YES;
				GCC_WARN_ABOUT_RETURN_TYPE = YES_ERROR;
				GCC_WARN_UNDECLARED_SELECTOR = YES;
				GCC_WARN_UNINITIALIZED_AUTOS = YES_AGGRESSIVE;
				GCC_WARN_UNUSED_FUNCTION = YES;
				GCC_WARN_UNUSED_VARIABLE = YES;
				IPHONEOS_DEPLOYMENT_TARGET = 7.1;
				ONLY_ACTIVE_ARCH = YES;
				SDKROOT = iphoneos;
				TARGETED_DEVICE_FAMILY = "1,2";
			};
			name = Debug;
		};
		22720B88192C02410011097F /* Release */ = {
			isa = XCBuildConfiguration;
			buildSettings = {
				ALWAYS_SEARCH_USER_PATHS = NO;
				CLANG_CXX_LANGUAGE_STANDARD = "gnu++0x";
				CLANG_CXX_LIBRARY = "libc++";
				CLANG_ENABLE_MODULES = YES;
				CLANG_ENABLE_OBJC_ARC = YES;
				CLANG_WARN_BOOL_CONVERSION = YES;
				CLANG_WARN_CONSTANT_CONVERSION = YES;
				CLANG_WARN_DIRECT_OBJC_ISA_USAGE = YES_ERROR;
				CLANG_WARN_EMPTY_BODY = YES;
				CLANG_WARN_ENUM_CONVERSION = YES;
				CLANG_WARN_INT_CONVERSION = YES;
				CLANG_WARN_OBJC_ROOT_CLASS = YES_ERROR;
				CLANG_WARN__DUPLICATE_METHOD_MATCH = YES;
				"CODE_SIGN_IDENTITY[sdk=iphoneos*]" = "iPhone Developer";
				COPY_PHASE_STRIP = YES;
				ENABLE_NS_ASSERTIONS = NO;
				GCC_C_LANGUAGE_STANDARD = gnu99;
				GCC_WARN_64_TO_32_BIT_CONVERSION = YES;
				GCC_WARN_ABOUT_RETURN_TYPE = YES_ERROR;
				GCC_WARN_UNDECLARED_SELECTOR = YES;
				GCC_WARN_UNINITIALIZED_AUTOS = YES_AGGRESSIVE;
				GCC_WARN_UNUSED_FUNCTION = YES;
				GCC_WARN_UNUSED_VARIABLE = YES;
				IPHONEOS_DEPLOYMENT_TARGET = 7.1;
				SDKROOT = iphoneos;
				TARGETED_DEVICE_FAMILY = "1,2";
				VALIDATE_PRODUCT = YES;
			};
			name = Release;
		};
		22720B8A192C02410011097F /* Debug */ = {
			isa = XCBuildConfiguration;
			buildSettings = {
				ASSETCATALOG_COMPILER_LAUNCHIMAGE_NAME = LaunchImage;
				GCC_PRECOMPILE_PREFIX_HEADER = YES;
				GCC_PREFIX_HEADER = "BluetoothPeripheral/BluetoothPeripheral-Prefix.pch";
				INFOPLIST_FILE = "BluetoothPeripheral/BluetoothPeripheral-Info.plist";
				PRODUCT_NAME = "$(TARGET_NAME)";
				WRAPPER_EXTENSION = app;
			};
			name = Debug;
		};
		22720B8B192C02410011097F /* Release */ = {
			isa = XCBuildConfiguration;
			buildSettings = {
				ASSETCATALOG_COMPILER_LAUNCHIMAGE_NAME = LaunchImage;
				GCC_PRECOMPILE_PREFIX_HEADER = YES;
				GCC_PREFIX_HEADER = "BluetoothPeripheral/BluetoothPeripheral-Prefix.pch";
				INFOPLIST_FILE = "BluetoothPeripheral/BluetoothPeripheral-Info.plist";
				PRODUCT_NAME = "$(TARGET_NAME)";
				WRAPPER_EXTENSION = app;
			};
			name = Release;
		};
		22720B8D192C02410011097F /* Debug */ = {
			isa = XCBuildConfiguration;
			buildSettings = {
				BUNDLE_LOADER = "$(BUILT_PRODUCTS_DIR)/BluetoothPeripheral.app/BluetoothPeripheral";
				FRAMEWORK_SEARCH_PATHS = (
					"$(SDKROOT)/Developer/Library/Frameworks",
					"$(inherited)",
					"$(DEVELOPER_FRAMEWORKS_DIR)",
				);
				GCC_PRECOMPILE_PREFIX_HEADER = YES;
				GCC_PREFIX_HEADER = "BluetoothPeripheral/BluetoothPeripheral-Prefix.pch";
				GCC_PREPROCESSOR_DEFINITIONS = (
					"DEBUG=1",
					"$(inherited)",
				);
				INFOPLIST_FILE = "BluetoothPeripheralTests/BluetoothPeripheralTests-Info.plist";
				PRODUCT_NAME = "$(TARGET_NAME)";
				TEST_HOST = "$(BUNDLE_LOADER)";
				WRAPPER_EXTENSION = xctest;
			};
			name = Debug;
		};
		22720B8E192C02410011097F /* Release */ = {
			isa = XCBuildConfiguration;
			buildSettings = {
				BUNDLE_LOADER = "$(BUILT_PRODUCTS_DIR)/BluetoothPeripheral.app/BluetoothPeripheral";
				FRAMEWORK_SEARCH_PATHS = (
					"$(SDKROOT)/Developer/Library/Frameworks",
					"$(inherited)",
					"$(DEVELOPER_FRAMEWORKS_DIR)",
				);
				GCC_PRECOMPILE_PREFIX_HEADER = YES;
				GCC_PREFIX_HEADER = "BluetoothPeripheral/BluetoothPeripheral-Prefix.pch";
				INFOPLIST_FILE = "BluetoothPeripheralTests/BluetoothPeripheralTests-Info.plist";
				PRODUCT_NAME = "$(TARGET_NAME)";
				TEST_HOST = "$(BUNDLE_LOADER)";
				WRAPPER_EXTENSION = xctest;
			};
			name = Release;
		};
/* End XCBuildConfiguration section */

/* Begin XCConfigurationList section */
		22720B4F192C02400011097F /* Build configuration list for PBXProject "BluetoothPeripheral" */ = {
			isa = XCConfigurationList;
			buildConfigurations = (
				22720B87192C02410011097F /* Debug */,
				22720B88192C02410011097F /* Release */,
			);
			defaultConfigurationIsVisible = 0;
			defaultConfigurationName = Release;
		};
		22720B89192C02410011097F /* Build configuration list for PBXNativeTarget "BluetoothPeripheral" */ = {
			isa = XCConfigurationList;
			buildConfigurations = (
				22720B8A192C02410011097F /* Debug */,
				22720B8B192C02410011097F /* Release */,
			);
			defaultConfigurationIsVisible = 0;
			defaultConfigurationName = Release;
		};
		22720B8C192C02410011097F /* Build configuration list for PBXNativeTarget "BluetoothPeripheralTests" */ = {
			isa = XCConfigurationList;
			buildConfigurations = (
				22720B8D192C02410011097F /* Debug */,
				22720B8E192C02410011097F /* Release */,
			);
			defaultConfigurationIsVisible = 0;
			defaultConfigurationName = Release;
		};
/* End XCConfigurationList section */
	};
	rootObject = 22720B4C192C02400011097F /* Project object */;
}
